
Microsoft Visual Studio Solution File, Format Version 12.00
# Visual Studio 15
VisualStudioVersion = 15.0.27703.2035
MinimumVisualStudioVersion = 10.0.40219.1
Project("{9A19103F-16F7-4668-BE54-9A1E7A4F7556}") = "AdventureWorks.Dal", "AdventureWorks.Dal\AdventureWorks.Dal.csproj", "{54CCC01E-074C-408E-934F-670376B35043}"
EndProject
Project("{9A19103F-16F7-4668-BE54-9A1E7A4F7556}") = "AdventureWorks.Repository", "AdventureWorks.Repostiory\AdventureWorks.Repository.csproj", "{F03F5472-41F5-45DB-AD82-8FE8D720759A}"
EndProject
Project("{9A19103F-16F7-4668-BE54-9A1E7A4F7556}") = "AdventureWorks.Core", "AdventureWorks.Core\AdventureWorks.Core.csproj", "{52DBFE59-6376-48F9-B82E-8C3E997DAD58}"
EndProject
Project("{FAE04EC0-301F-11D3-BF4B-00C04F79EFBC}") = "AdventureWorks.Repository.UnitTests", "AdventureWorks.Repository.UnitTests\AdventureWorks.Repository.UnitTests.csproj", "{487C3446-288F-43C1-B49E-A1325ADA56A1}"
EndProject
Project("{FAE04EC0-301F-11D3-BF4B-00C04F79EFBC}") = "UnitTests.Core", "UnitTests.Core\UnitTests.Core.csproj", "{CF0B1022-CB7C-4963-A437-B419DEA95170}"
EndProject
Global
	GlobalSection(SolutionConfigurationPlatforms) = preSolution
		Debug|Any CPU = Debug|Any CPU
		Release|Any CPU = Release|Any CPU
	EndGlobalSection
	GlobalSection(ProjectConfigurationPlatforms) = postSolution
		{54CCC01E-074C-408E-934F-670376B35043}.Debug|Any CPU.ActiveCfg = Debug|Any CPU
		{54CCC01E-074C-408E-934F-670376B35043}.Debug|Any CPU.Build.0 = Debug|Any CPU
		{54CCC01E-074C-408E-934F-670376B35043}.Release|Any CPU.ActiveCfg = Release|Any CPU
		{54CCC01E-074C-408E-934F-670376B35043}.Release|Any CPU.Build.0 = Release|Any CPU
		{F03F5472-41F5-45DB-AD82-8FE8D720759A}.Debug|Any CPU.ActiveCfg = Debug|Any CPU
		{F03F5472-41F5-45DB-AD82-8FE8D720759A}.Debug|Any CPU.Build.0 = Debug|Any CPU
		{F03F5472-41F5-45DB-AD82-8FE8D720759A}.Release|Any CPU.ActiveCfg = Release|Any CPU
		{F03F5472-41F5-45DB-AD82-8FE8D720759A}.Release|Any CPU.Build.0 = Release|Any CPU
		{52DBFE59-6376-48F9-B82E-8C3E997DAD58}.Debug|Any CPU.ActiveCfg = Debug|Any CPU
		{52DBFE59-6376-48F9-B82E-8C3E997DAD58}.Debug|Any CPU.Build.0 = Debug|Any CPU
		{52DBFE59-6376-48F9-B82E-8C3E997DAD58}.Release|Any CPU.ActiveCfg = Release|Any CPU
		{52DBFE59-6376-48F9-B82E-8C3E997DAD58}.Release|Any CPU.Build.0 = Release|Any CPU
		{487C3446-288F-43C1-B49E-A1325ADA56A1}.Debug|Any CPU.ActiveCfg = Debug|Any CPU
		{487C3446-288F-43C1-B49E-A1325ADA56A1}.Debug|Any CPU.Build.0 = Debug|Any CPU
		{487C3446-288F-43C1-B49E-A1325ADA56A1}.Release|Any CPU.ActiveCfg = Release|Any CPU
		{487C3446-288F-43C1-B49E-A1325ADA56A1}.Release|Any CPU.Build.0 = Release|Any CPU
		{CF0B1022-CB7C-4963-A437-B419DEA95170}.Debug|Any CPU.ActiveCfg = Debug|Any CPU
		{CF0B1022-CB7C-4963-A437-B419DEA95170}.Debug|Any CPU.Build.0 = Debug|Any CPU
		{CF0B1022-CB7C-4963-A437-B419DEA95170}.Release|Any CPU.ActiveCfg = Release|Any CPU
		{CF0B1022-CB7C-4963-A437-B419DEA95170}.Release|Any CPU.Build.0 = Release|Any CPU
	EndGlobalSection
	GlobalSection(SolutionProperties) = preSolution
		HideSolutionNode = FALSE
	EndGlobalSection
	GlobalSection(ExtensibilityGlobals) = postSolution
		SolutionGuid = {22243768-0747-428C-8BF5-67C04B8121AD}
	EndGlobalSection
EndGlobal
