
Microsoft Visual Studio Solution File, Format Version 12.00
# Visual Studio 15
VisualStudioVersion = 15.0.27703.2035
MinimumVisualStudioVersion = 10.0.40219.1
Project("{FAE04EC0-301F-11D3-BF4B-00C04F79EFBC}") = "AdventureWorks.Dal", "AdventureWorks.Dal\AdventureWorks.Dal.csproj", "{54CCC01E-074C-408E-934F-670376B35043}"
EndProject
Global
	GlobalSection(SolutionConfigurationPlatforms) = preSolution
		Debug|Any CPU = Debug|Any CPU
		Release|Any CPU = Release|Any CPU
	EndGlobalSection
	GlobalSection(ProjectConfigurationPlatforms) = postSolution
		{54CCC01E-074C-408E-934F-670376B35043}.Debug|Any CPU.ActiveCfg = Debug|Any CPU
		{54CCC01E-074C-408E-934F-670376B35043}.Debug|Any CPU.Build.0 = Debug|Any CPU
		{54CCC01E-074C-408E-934F-670376B35043}.Release|Any CPU.ActiveCfg = Release|Any CPU
		{54CCC01E-074C-408E-934F-670376B35043}.Release|Any CPU.Build.0 = Release|Any CPU
	EndGlobalSection
	GlobalSection(SolutionProperties) = preSolution
		HideSolutionNode = FALSE
	EndGlobalSection
	GlobalSection(ExtensibilityGlobals) = postSolution
		SolutionGuid = {22243768-0747-428C-8BF5-67C04B8121AD}
	EndGlobalSection
EndGlobal
